// !$*UTF8*$!
{
	archiveVersion = 1;
	classes = {
	};
	objectVersion = 77;
	objects = {

/* Begin PBXContainerItemProxy section */
		8CA65EFB2E075E5F005E6FC0 /* PBXContainerItemProxy */ = {
			isa = PBXContainerItemProxy;
			containerPortal = 8CA65EDD2E075E5C005E6FC0 /* Project object */;
			proxyType = 1;
			remoteGlobalIDString = 8CA65EE42E075E5C005E6FC0;
			remoteInfo = Briefeed;
		};
		8CA65F052E075E5F005E6FC0 /* PBXContainerItemProxy */ = {
			isa = PBXContainerItemProxy;
			containerPortal = 8CA65EDD2E075E5C005E6FC0 /* Project object */;
			proxyType = 1;
			remoteGlobalIDString = 8CA65EE42E075E5C005E6FC0;
			remoteInfo = Briefeed;
		};
/* End PBXContainerItemProxy section */

/* Begin PBXFileReference section */
		8CA65EE52E075E5C005E6FC0 /* Briefeed.app */ = {isa = PBXFileReference; explicitFileType = wrapper.application; includeInIndex = 0; path = Briefeed.app; sourceTree = BUILT_PRODUCTS_DIR; };
		8CA65EFA2E075E5F005E6FC0 /* BriefeedTests.xctest */ = {isa = PBXFileReference; explicitFileType = wrapper.cfbundle; includeInIndex = 0; path = BriefeedTests.xctest; sourceTree = BUILT_PRODUCTS_DIR; };
		8CA65F042E075E5F005E6FC0 /* BriefeedUITests.xctest */ = {isa = PBXFileReference; explicitFileType = wrapper.cfbundle; includeInIndex = 0; path = BriefeedUITests.xctest; sourceTree = BUILT_PRODUCTS_DIR; };
/* End PBXFileReference section */

/* Begin PBXFileSystemSynchronizedRootGroup section */
		8CA65EE72E075E5C005E6FC0 /* Briefeed */ = {
			isa = PBXFileSystemSynchronizedRootGroup;
			path = Briefeed;
			sourceTree = "<group>";
		};
		8CA65EFD2E075E5F005E6FC0 /* BriefeedTests */ = {
			isa = PBXFileSystemSynchronizedRootGroup;
			path = BriefeedTests;
			sourceTree = "<group>";
		};
		8CA65F072E075E5F005E6FC0 /* BriefeedUITests */ = {
			isa = PBXFileSystemSynchronizedRootGroup;
			path = BriefeedUITests;
			sourceTree = "<group>";
		};
/* End PBXFileSystemSynchronizedRootGroup section */

/* Begin PBXFrameworksBuildPhase section */
		8CA65EE22E075E5C005E6FC0 /* Frameworks */ = {
			isa = PBXFrameworksBuildPhase;
			buildActionMask = 2147483647;
			files = (
			);
			runOnlyForDeploymentPostprocessing = 0;
		};
		8CA65EF72E075E5F005E6FC0 /* Frameworks */ = {
			isa = PBXFrameworksBuildPhase;
			buildActionMask = 2147483647;
			files = (
			);
			runOnlyForDeploymentPostprocessing = 0;
		};
		8CA65F012E075E5F005E6FC0 /* Frameworks */ = {
			isa = PBXFrameworksBuildPhase;
			buildActionMask = 2147483647;
			files = (
			);
			runOnlyForDeploymentPostprocessing = 0;
		};
/* End PBXFrameworksBuildPhase section */

/* Begin PBXGroup section */
		8CA65EDC2E075E5C005E6FC0 = {
			isa = PBXGroup;
			children = (
				8CA65EE72E075E5C005E6FC0 /* Briefeed */,
				8CA65EFD2E075E5F005E6FC0 /* BriefeedTests */,
				8CA65F072E075E5F005E6FC0 /* BriefeedUITests */,
				8CA65EE62E075E5C005E6FC0 /* Products */,
			);
			sourceTree = "<group>";
		};
		8CA65EE62E075E5C005E6FC0 /* Products */ = {
			isa = PBXGroup;
			children = (
				8CA65EE52E075E5C005E6FC0 /* Briefeed.app */,
				8CA65EFA2E075E5F005E6FC0 /* BriefeedTests.xctest */,
				8CA65F042E075E5F005E6FC0 /* BriefeedUITests.xctest */,
			);
			name = Products;
			sourceTree = "<group>";
		};
/* End PBXGroup section */

/* Begin PBXNativeTarget section */
		8CA65EE42E075E5C005E6FC0 /* Briefeed */ = {
			isa = PBXNativeTarget;
			buildConfigurationList = 8CA65F0E2E075E5F005E6FC0 /* Build configuration list for PBXNativeTarget "Briefeed" */;
			buildPhases = (
				8CA65EE12E075E5C005E6FC0 /* Sources */,
				8CA65EE22E075E5C005E6FC0 /* Frameworks */,
				8CA65EE32E075E5C005E6FC0 /* Resources */,
			);
			buildRules = (
			);
			dependencies = (
			);
			fileSystemSynchronizedGroups = (
				8CA65EE72E075E5C005E6FC0 /* Briefeed */,
			);
			name = Briefeed;
			packageProductDependencies = (
			);
			productName = Briefeed;
			productReference = 8CA65EE52E075E5C005E6FC0 /* Briefeed.app */;
			productType = "com.apple.product-type.application";
		};
		8CA65EF92E075E5F005E6FC0 /* BriefeedTests */ = {
			isa = PBXNativeTarget;
			buildConfigurationList = 8CA65F112E075E5F005E6FC0 /* Build configuration list for PBXNativeTarget "BriefeedTests" */;
			buildPhases = (
				8CA65EF62E075E5F005E6FC0 /* Sources */,
				8CA65EF72E075E5F005E6FC0 /* Frameworks */,
				8CA65EF82E075E5F005E6FC0 /* Resources */,
			);
			buildRules = (
			);
			dependencies = (
				8CA65EFC2E075E5F005E6FC0 /* PBXTargetDependency */,
			);
			fileSystemSynchronizedGroups = (
				8CA65EFD2E075E5F005E6FC0 /* BriefeedTests */,
			);
			name = BriefeedTests;
			packageProductDependencies = (
			);
			productName = BriefeedTests;
			productReference = 8CA65EFA2E075E5F005E6FC0 /* BriefeedTests.xctest */;
			productType = "com.apple.product-type.bundle.unit-test";
		};
		8CA65F032E075E5F005E6FC0 /* BriefeedUITests */ = {
			isa = PBXNativeTarget;
			buildConfigurationList = 8CA65F142E075E5F005E6FC0 /* Build configuration list for PBXNativeTarget "BriefeedUITests" */;
			buildPhases = (
				8CA65F002E075E5F005E6FC0 /* Sources */,
				8CA65F012E075E5F005E6FC0 /* Frameworks */,
				8CA65F022E075E5F005E6FC0 /* Resources */,
			);
			buildRules = (
			);
			dependencies = (
				8CA65F062E075E5F005E6FC0 /* PBXTargetDependency */,
			);
			fileSystemSynchronizedGroups = (
				8CA65F072E075E5F005E6FC0 /* BriefeedUITests */,
			);
			name = BriefeedUITests;
			packageProductDependencies = (
			);
			productName = BriefeedUITests;
			productReference = 8CA65F042E075E5F005E6FC0 /* BriefeedUITests.xctest */;
			productType = "com.apple.product-type.bundle.ui-testing";
		};
/* End PBXNativeTarget section */

/* Begin PBXProject section */
		8CA65EDD2E075E5C005E6FC0 /* Project object */ = {
			isa = PBXProject;
			attributes = {
				BuildIndependentTargetsInParallel = 1;
				LastSwiftUpdateCheck = 1620;
				LastUpgradeCheck = 1620;
				TargetAttributes = {
					8CA65EE42E075E5C005E6FC0 = {
						CreatedOnToolsVersion = 16.2;
					};
					8CA65EF92E075E5F005E6FC0 = {
						CreatedOnToolsVersion = 16.2;
						TestTargetID = 8CA65EE42E075E5C005E6FC0;
					};
					8CA65F032E075E5F005E6FC0 = {
						CreatedOnToolsVersion = 16.2;
						TestTargetID = 8CA65EE42E075E5C005E6FC0;
					};
				};
			};
			buildConfigurationList = 8CA65EE02E075E5C005E6FC0 /* Build configuration list for PBXProject "Briefeed" */;
			developmentRegion = en;
			hasScannedForEncodings = 0;
			knownRegions = (
				en,
				Base,
			);
			mainGroup = 8CA65EDC2E075E5C005E6FC0;
			minimizedProjectReferenceProxies = 1;
			preferredProjectObjectVersion = 77;
			productRefGroup = 8CA65EE62E075E5C005E6FC0 /* Products */;
			projectDirPath = "";
			projectRoot = "";
			targets = (
				8CA65EE42E075E5C005E6FC0 /* Briefeed */,
				8CA65EF92E075E5F005E6FC0 /* BriefeedTests */,
				8CA65F032E075E5F005E6FC0 /* BriefeedUITests */,
			);
		};
/* End PBXProject section */

/* Begin PBXResourcesBuildPhase section */
		8CA65EE32E075E5C005E6FC0 /* Resources */ = {
			isa = PBXResourcesBuildPhase;
			buildActionMask = 2147483647;
			files = (
			);
			runOnlyForDeploymentPostprocessing = 0;
		};
		8CA65EF82E075E5F005E6FC0 /* Resources */ = {
			isa = PBXResourcesBuildPhase;
			buildActionMask = 2147483647;
			files = (
			);
			runOnlyForDeploymentPostprocessing = 0;
		};
		8CA65F022E075E5F005E6FC0 /* Resources */ = {
			isa = PBXResourcesBuildPhase;
			buildActionMask = 2147483647;
			files = (
			);
			runOnlyForDeploymentPostprocessing = 0;
		};
/* End PBXResourcesBuildPhase section */

/* Begin PBXSourcesBuildPhase section */
		8CA65EE12E075E5C005E6FC0 /* Sources */ = {
			isa = PBXSourcesBuildPhase;
			buildActionMask = 2147483647;
			files = (
			);
			runOnlyForDeploymentPostprocessing = 0;
		};
		8CA65EF62E075E5F005E6FC0 /* Sources */ = {
			isa = PBXSourcesBuildPhase;
			buildActionMask = 2147483647;
			files = (
			);
			runOnlyForDeploymentPostprocessing = 0;
		};
		8CA65F002E075E5F005E6FC0 /* Sources */ = {
			isa = PBXSourcesBuildPhase;
			buildActionMask = 2147483647;
			files = (
			);
			runOnlyForDeploymentPostprocessing = 0;
		};
/* End PBXSourcesBuildPhase section */

/* Begin PBXTargetDependency section */
		8CA65EFC2E075E5F005E6FC0 /* PBXTargetDependency */ = {
			isa = PBXTargetDependency;
			target = 8CA65EE42E075E5C005E6FC0 /* Briefeed */;
			targetProxy = 8CA65EFB2E075E5F005E6FC0 /* PBXContainerItemProxy */;
		};
		8CA65F062E075E5F005E6FC0 /* PBXTargetDependency */ = {
			isa = PBXTargetDependency;
			target = 8CA65EE42E075E5C005E6FC0 /* Briefeed */;
			targetProxy = 8CA65F052E075E5F005E6FC0 /* PBXContainerItemProxy */;
		};
/* End PBXTargetDependency section */

/* Begin XCBuildConfiguration section */
		8CA65F0C2E075E5F005E6FC0 /* Debug */ = {
			isa = XCBuildConfiguration;
			buildSettings = {
				ALWAYS_SEARCH_USER_PATHS = NO;
				ASSETCATALOG_COMPILER_GENERATE_SWIFT_ASSET_SYMBOL_EXTENSIONS = YES;
				CLANG_ANALYZER_NONNULL = YES;
				CLANG_ANALYZER_NUMBER_OBJECT_CONVERSION = YES_AGGRESSIVE;
				CLANG_CXX_LANGUAGE_STANDARD = "gnu++20";
				CLANG_ENABLE_MODULES = YES;
				CLANG_ENABLE_OBJC_ARC = YES;
				CLANG_ENABLE_OBJC_WEAK = YES;
				CLANG_WARN_BLOCK_CAPTURE_AUTORELEASING = YES;
				CLANG_WARN_BOOL_CONVERSION = YES;
				CLANG_WARN_COMMA = YES;
				CLANG_WARN_CONSTANT_CONVERSION = YES;
				CLANG_WARN_DEPRECATED_OBJC_IMPLEMENTATIONS = YES;
				CLANG_WARN_DIRECT_OBJC_ISA_USAGE = YES_ERROR;
				CLANG_WARN_DOCUMENTATION_COMMENTS = YES;
				CLANG_WARN_EMPTY_BODY = YES;
				CLANG_WARN_ENUM_CONVERSION = YES;
				CLANG_WARN_INFINITE_RECURSION = YES;
				CLANG_WARN_INT_CONVERSION = YES;
				CLANG_WARN_NON_LITERAL_NULL_CONVERSION = YES;
				CLANG_WARN_OBJC_IMPLICIT_RETAIN_SELF = YES;
				CLANG_WARN_OBJC_LITERAL_CONVERSION = YES;
				CLANG_WARN_OBJC_ROOT_CLASS = YES_ERROR;
				CLANG_WARN_QUOTED_INCLUDE_IN_FRAMEWORK_HEADER = YES;
				CLANG_WARN_RANGE_LOOP_ANALYSIS = YES;
				CLANG_WARN_STRICT_PROTOTYPES = YES;
				CLANG_WARN_SUSPICIOUS_MOVE = YES;
				CLANG_WARN_UNGUARDED_AVAILABILITY = YES_AGGRESSIVE;
				CLANG_WARN_UNREACHABLE_CODE = YES;
				CLANG_WARN__DUPLICATE_METHOD_MATCH = YES;
				COPY_PHASE_STRIP = NO;
				DEBUG_INFORMATION_FORMAT = dwarf;
				ENABLE_STRICT_OBJC_MSGSEND = YES;
				ENABLE_TESTABILITY = YES;
				ENABLE_USER_SCRIPT_SANDBOXING = YES;
				GCC_C_LANGUAGE_STANDARD = gnu17;
				GCC_DYNAMIC_NO_PIC = NO;
				GCC_NO_COMMON_BLOCKS = YES;
				GCC_OPTIMIZATION_LEVEL = 0;
				GCC_PREPROCESSOR_DEFINITIONS = (
					"DEBUG=1",
					"$(inherited)",
				);
				GCC_WARN_64_TO_32_BIT_CONVERSION = YES;
				GCC_WARN_ABOUT_RETURN_TYPE = YES_ERROR;
				GCC_WARN_UNDECLARED_SELECTOR = YES;
				GCC_WARN_UNINITIALIZED_AUTOS = YES_AGGRESSIVE;
				GCC_WARN_UNUSED_FUNCTION = YES;
				GCC_WARN_UNUSED_VARIABLE = YES;
				IPHONEOS_DEPLOYMENT_TARGET = 18.2;
				LOCALIZATION_PREFERS_STRING_CATALOGS = YES;
				MTL_ENABLE_DEBUG_INFO = INCLUDE_SOURCE;
				MTL_FAST_MATH = YES;
				ONLY_ACTIVE_ARCH = YES;
				SDKROOT = iphoneos;
				SWIFT_ACTIVE_COMPILATION_CONDITIONS = "DEBUG $(inherited)";
				SWIFT_OPTIMIZATION_LEVEL = "-Onone";
			};
			name = Debug;
		};
		8CA65F0D2E075E5F005E6FC0 /* Release */ = {
			isa = XCBuildConfiguration;
			buildSettings = {
				ALWAYS_SEARCH_USER_PATHS = NO;
				ASSETCATALOG_COMPILER_GENERATE_SWIFT_ASSET_SYMBOL_EXTENSIONS = YES;
				CLANG_ANALYZER_NONNULL = YES;
				CLANG_ANALYZER_NUMBER_OBJECT_CONVERSION = YES_AGGRESSIVE;
				CLANG_CXX_LANGUAGE_STANDARD = "gnu++20";
				CLANG_ENABLE_MODULES = YES;
				CLANG_ENABLE_OBJC_ARC = YES;
				CLANG_ENABLE_OBJC_WEAK = YES;
				CLANG_WARN_BLOCK_CAPTURE_AUTORELEASING = YES;
				CLANG_WARN_BOOL_CONVERSION = YES;
				CLANG_WARN_COMMA = YES;
				CLANG_WARN_CONSTANT_CONVERSION = YES;
				CLANG_WARN_DEPRECATED_OBJC_IMPLEMENTATIONS = YES;
				CLANG_WARN_DIRECT_OBJC_ISA_USAGE = YES_ERROR;
				CLANG_WARN_DOCUMENTATION_COMMENTS = YES;
				CLANG_WARN_EMPTY_BODY = YES;
				CLANG_WARN_ENUM_CONVERSION = YES;
				CLANG_WARN_INFINITE_RECURSION = YES;
				CLANG_WARN_INT_CONVERSION = YES;
				CLANG_WARN_NON_LITERAL_NULL_CONVERSION = YES;
				CLANG_WARN_OBJC_IMPLICIT_RETAIN_SELF = YES;
				CLANG_WARN_OBJC_LITERAL_CONVERSION = YES;
				CLANG_WARN_OBJC_ROOT_CLASS = YES_ERROR;
				CLANG_WARN_QUOTED_INCLUDE_IN_FRAMEWORK_HEADER = YES;
				CLANG_WARN_RANGE_LOOP_ANALYSIS = YES;
				CLANG_WARN_STRICT_PROTOTYPES = YES;
				CLANG_WARN_SUSPICIOUS_MOVE = YES;
				CLANG_WARN_UNGUARDED_AVAILABILITY = YES_AGGRESSIVE;
				CLANG_WARN_UNREACHABLE_CODE = YES;
				CLANG_WARN__DUPLICATE_METHOD_MATCH = YES;
				COPY_PHASE_STRIP = NO;
				DEBUG_INFORMATION_FORMAT = "dwarf-with-dsym";
				ENABLE_NS_ASSERTIONS = NO;
				ENABLE_STRICT_OBJC_MSGSEND = YES;
				ENABLE_USER_SCRIPT_SANDBOXING = YES;
				GCC_C_LANGUAGE_STANDARD = gnu17;
				GCC_NO_COMMON_BLOCKS = YES;
				GCC_WARN_64_TO_32_BIT_CONVERSION = YES;
				GCC_WARN_ABOUT_RETURN_TYPE = YES_ERROR;
				GCC_WARN_UNDECLARED_SELECTOR = YES;
				GCC_WARN_UNINITIALIZED_AUTOS = YES_AGGRESSIVE;
				GCC_WARN_UNUSED_FUNCTION = YES;
				GCC_WARN_UNUSED_VARIABLE = YES;
				IPHONEOS_DEPLOYMENT_TARGET = 18.2;
				LOCALIZATION_PREFERS_STRING_CATALOGS = YES;
				MTL_ENABLE_DEBUG_INFO = NO;
				MTL_FAST_MATH = YES;
				SDKROOT = iphoneos;
				SWIFT_COMPILATION_MODE = wholemodule;
				VALIDATE_PRODUCT = YES;
			};
			name = Release;
		};
		8CA65F0F2E075E5F005E6FC0 /* Debug */ = {
			isa = XCBuildConfiguration;
			buildSettings = {
				ASSETCATALOG_COMPILER_APPICON_NAME = AppIcon;
				ASSETCATALOG_COMPILER_GLOBAL_ACCENT_COLOR_NAME = AccentColor;
				CODE_SIGN_STYLE = Automatic;
				CURRENT_PROJECT_VERSION = 2;
				DEVELOPMENT_ASSET_PATHS = "\"Briefeed/Preview Content\"";
				DEVELOPMENT_TEAM = X273WR8MT2;
				ENABLE_PREVIEWS = YES;
				GENERATE_INFOPLIST_FILE = YES;
				INFOPLIST_KEY_UIApplicationSceneManifest_Generation = YES;
				INFOPLIST_KEY_UIApplicationSupportsIndirectInputEvents = YES;
				INFOPLIST_KEY_UILaunchScreen_Generation = YES;
				INFOPLIST_KEY_UISupportedInterfaceOrientations_iPad = "UIInterfaceOrientationPortrait UIInterfaceOrientationPortraitUpsideDown UIInterfaceOrientationLandscapeLeft UIInterfaceOrientationLandscapeRight";
				INFOPLIST_KEY_UISupportedInterfaceOrientations_iPhone = "UIInterfaceOrientationPortrait UIInterfaceOrientationLandscapeLeft UIInterfaceOrientationLandscapeRight";
				LD_RUNPATH_SEARCH_PATHS = (
					"$(inherited)",
					"@executable_path/Frameworks",
				);
				MARKETING_VERSION = 0.1.1.1;
				PRODUCT_BUNDLE_IDENTIFIER = Matznerd.Briefeed;
				PRODUCT_NAME = "$(TARGET_NAME)";
				SWIFT_EMIT_LOC_STRINGS = YES;
				SWIFT_VERSION = 5.0;
				TARGETED_DEVICE_FAMILY = "1,2";
			};
			name = Debug;
		};
		8CA65F102E075E5F005E6FC0 /* Release */ = {
			isa = XCBuildConfiguration;
			buildSettings = {
				ASSETCATALOG_COMPILER_APPICON_NAME = AppIcon;
				ASSETCATALOG_COMPILER_GLOBAL_ACCENT_COLOR_NAME = AccentColor;
				CODE_SIGN_STYLE = Automatic;
				CURRENT_PROJECT_VERSION = 2;
				DEVELOPMENT_ASSET_PATHS = "\"Briefeed/Preview Content\"";
				DEVELOPMENT_TEAM = X273WR8MT2;
				ENABLE_PREVIEWS = YES;
				GENERATE_INFOPLIST_FILE = YES;
				INFOPLIST_KEY_UIApplicationSceneManifest_Generation = YES;
				INFOPLIST_KEY_UIApplicationSupportsIndirectInputEvents = YES;
				INFOPLIST_KEY_UILaunchScreen_Generation = YES;
				INFOPLIST_KEY_UISupportedInterfaceOrientations_iPad = "UIInterfaceOrientationPortrait UIInterfaceOrientationPortraitUpsideDown UIInterfaceOrientationLandscapeLeft UIInterfaceOrientationLandscapeRight";
				INFOPLIST_KEY_UISupportedInterfaceOrientations_iPhone = "UIInterfaceOrientationPortrait UIInterfaceOrientationLandscapeLeft UIInterfaceOrientationLandscapeRight";
				LD_RUNPATH_SEARCH_PATHS = (
					"$(inherited)",
					"@executable_path/Frameworks",
				);
				MARKETING_VERSION = 0.1.1.1;
				PRODUCT_BUNDLE_IDENTIFIER = Matznerd.Briefeed;
				PRODUCT_NAME = "$(TARGET_NAME)";
				SWIFT_EMIT_LOC_STRINGS = YES;
				SWIFT_VERSION = 5.0;
				TARGETED_DEVICE_FAMILY = "1,2";
			};
			name = Release;
		};
		8CA65F122E075E5F005E6FC0 /* Debug */ = {
			isa = XCBuildConfiguration;
			buildSettings = {
				BUNDLE_LOADER = "$(TEST_HOST)";
				CODE_SIGN_STYLE = Automatic;
				CURRENT_PROJECT_VERSION = 2;
				DEVELOPMENT_TEAM = X273WR8MT2;
				GENERATE_INFOPLIST_FILE = YES;
				IPHONEOS_DEPLOYMENT_TARGET = 18.2;
				MARKETING_VERSION = 0.1.1.1;
				PRODUCT_BUNDLE_IDENTIFIER = Matznerd.BriefeedTests;
				PRODUCT_NAME = "$(TARGET_NAME)";
				SWIFT_EMIT_LOC_STRINGS = NO;
				SWIFT_VERSION = 5.0;
				TARGETED_DEVICE_FAMILY = "1,2";
				TEST_HOST = "$(BUILT_PRODUCTS_DIR)/Briefeed.app/$(BUNDLE_EXECUTABLE_FOLDER_PATH)/Briefeed";
			};
			name = Debug;
		};
		8CA65F132E075E5F005E6FC0 /* Release */ = {
			isa = XCBuildConfiguration;
			buildSettings = {
				BUNDLE_LOADER = "$(TEST_HOST)";
				CODE_SIGN_STYLE = Automatic;
				CURRENT_PROJECT_VERSION = 2;
				DEVELOPMENT_TEAM = X273WR8MT2;
				GENERATE_INFOPLIST_FILE = YES;
				IPHONEOS_DEPLOYMENT_TARGET = 18.2;
				MARKETING_VERSION = 0.1.1.1;
				PRODUCT_BUNDLE_IDENTIFIER = Matznerd.BriefeedTests;
				PRODUCT_NAME = "$(TARGET_NAME)";
				SWIFT_EMIT_LOC_STRINGS = NO;
				SWIFT_VERSION = 5.0;
				TARGETED_DEVICE_FAMILY = "1,2";
				TEST_HOST = "$(BUILT_PRODUCTS_DIR)/Briefeed.app/$(BUNDLE_EXECUTABLE_FOLDER_PATH)/Briefeed";
			};
			name = Release;
		};
		8CA65F152E075E5F005E6FC0 /* Debug */ = {
			isa = XCBuildConfiguration;
			buildSettings = {
				CODE_SIGN_STYLE = Automatic;
				CURRENT_PROJECT_VERSION = 2;
				DEVELOPMENT_TEAM = X273WR8MT2;
				GENERATE_INFOPLIST_FILE = YES;
				MARKETING_VERSION = 0.1.1.1;
				PRODUCT_BUNDLE_IDENTIFIER = Matznerd.BriefeedUITests;
				PRODUCT_NAME = "$(TARGET_NAME)";
				SWIFT_EMIT_LOC_STRINGS = NO;
				SWIFT_VERSION = 5.0;
				TARGETED_DEVICE_FAMILY = "1,2";
				TEST_TARGET_NAME = Briefeed;
			};
			name = Debug;
		};
		8CA65F162E075E5F005E6FC0 /* Release */ = {
			isa = XCBuildConfiguration;
			buildSettings = {
				CODE_SIGN_STYLE = Automatic;
				CURRENT_PROJECT_VERSION = 2;
				DEVELOPMENT_TEAM = X273WR8MT2;
				GENERATE_INFOPLIST_FILE = YES;
				MARKETING_VERSION = 0.1.1.1;
				PRODUCT_BUNDLE_IDENTIFIER = Matznerd.BriefeedUITests;
				PRODUCT_NAME = "$(TARGET_NAME)";
				SWIFT_EMIT_LOC_STRINGS = NO;
				SWIFT_VERSION = 5.0;
				TARGETED_DEVICE_FAMILY = "1,2";
				TEST_TARGET_NAME = Briefeed;
			};
			name = Release;
		};
/* End XCBuildConfiguration section */

/* Begin XCConfigurationList section */
		8CA65EE02E075E5C005E6FC0 /* Build configuration list for PBXProject "Briefeed" */ = {
			isa = XCConfigurationList;
			buildConfigurations = (
				8CA65F0C2E075E5F005E6FC0 /* Debug */,
				8CA65F0D2E075E5F005E6FC0 /* Release */,
			);
			defaultConfigurationIsVisible = 0;
			defaultConfigurationName = Release;
		};
		8CA65F0E2E075E5F005E6FC0 /* Build configuration list for PBXNativeTarget "Briefeed" */ = {
			isa = XCConfigurationList;
			buildConfigurations = (
				8CA65F0F2E075E5F005E6FC0 /* Debug */,
				8CA65F102E075E5F005E6FC0 /* Release */,
			);
			defaultConfigurationIsVisible = 0;
			defaultConfigurationName = Release;
		};
		8CA65F112E075E5F005E6FC0 /* Build configuration list for PBXNativeTarget "BriefeedTests" */ = {
			isa = XCConfigurationList;
			buildConfigurations = (
				8CA65F122E075E5F005E6FC0 /* Debug */,
				8CA65F132E075E5F005E6FC0 /* Release */,
			);
			defaultConfigurationIsVisible = 0;
			defaultConfigurationName = Release;
		};
		8CA65F142E075E5F005E6FC0 /* Build configuration list for PBXNativeTarget "BriefeedUITests" */ = {
			isa = XCConfigurationList;
			buildConfigurations = (
				8CA65F152E075E5F005E6FC0 /* Debug */,
				8CA65F162E075E5F005E6FC0 /* Release */,
			);
			defaultConfigurationIsVisible = 0;
			defaultConfigurationName = Release;
		};
/* End XCConfigurationList section */
	};
	rootObject = 8CA65EDD2E075E5C005E6FC0 /* Project object */;
}
